PODS:
  - MJSensitiveWordTools (0.1.0)

DEPENDENCIES:
  - MJSensitiveWordTools (from `../`)

EXTERNAL SOURCES:
  MJSensitiveWordTools:
    :path: "../"

SPEC CHECKSUMS:
  MJSensitiveWordTools: 8b0a5fd0056c46c7f865192e24171927bcff7f1c

PODFILE CHECKSUM: 77eee00407f742a659084395b3876b2ee68bd217

COCOAPODS: 1.6.1
